// !$*UTF8*$!
{
	archiveVersion = 1;
	classes = {
	};
	objectVersion = 50;
	objects = {

/* Begin PBXBuildFile section */
		451D62CD22BDF50700DB2DDE /* AppDelegate.swift in Sources */ = {isa = PBXBuildFile; fileRef = 451D62CC22BDF50700DB2DDE /* AppDelegate.swift */; };
		451D62CF22BDF50700DB2DDE /* SceneDelegate.swift in Sources */ = {isa = PBXBuildFile; fileRef = 451D62CE22BDF50700DB2DDE /* SceneDelegate.swift */; };
		451D62D122BDF50700DB2DDE /* ContentView.swift in Sources */ = {isa = PBXBuildFile; fileRef = 451D62D022BDF50700DB2DDE /* ContentView.swift */; };
		451D62D322BDF50800DB2DDE /* Assets.xcassets in Resources */ = {isa = PBXBuildFile; fileRef = 451D62D222BDF50800DB2DDE /* Assets.xcassets */; };
		451D62D622BDF50800DB2DDE /* Preview Assets.xcassets in Resources */ = {isa = PBXBuildFile; fileRef = 451D62D522BDF50800DB2DDE /* Preview Assets.xcassets */; };
		451D62D922BDF50800DB2DDE /* LaunchScreen.storyboard in Resources */ = {isa = PBXBuildFile; fileRef = 451D62D722BDF50800DB2DDE /* LaunchScreen.storyboard */; };
		453EAE4B24A760020028DE8A /* CircleImage.swift in Sources */ = {isa = PBXBuildFile; fileRef = 453EAE4A24A760020028DE8A /* CircleImage.swift */; };
		453EAE4D24A761BA0028DE8A /* MapView.swift in Sources */ = {isa = PBXBuildFile; fileRef = 453EAE4C24A761BA0028DE8A /* MapView.swift */; };
		453EAE4F24A793300028DE8A /* Landmark.swift in Sources */ = {isa = PBXBuildFile; fileRef = 453EAE4E24A7932F0028DE8A /* Landmark.swift */; };
		453EAE5324A7943E0028DE8A /* landmarkData.json in Resources */ = {isa = PBXBuildFile; fileRef = 453EAE5224A7943E0028DE8A /* landmarkData.json */; };
		453EAE5624A794E30028DE8A /* LandmarkDetail.swift in Sources */ = {isa = PBXBuildFile; fileRef = 453EAE5524A794E30028DE8A /* LandmarkDetail.swift */; };
		453EAE5824A88C070028DE8A /* LandmarkRow.swift in Sources */ = {isa = PBXBuildFile; fileRef = 453EAE5724A88C070028DE8A /* LandmarkRow.swift */; };
		453EAE5A24A88CB10028DE8A /* Data.swift in Sources */ = {isa = PBXBuildFile; fileRef = 453EAE5924A88CB10028DE8A /* Data.swift */; };
/* End PBXBuildFile section */

/* Begin PBXFileReference section */
		451D62C922BDF50700DB2DDE /* SwiftUI-Tutorial.app */ = {isa = PBXFileReference; explicitFileType = wrapper.application; includeInIndex = 0; path = "SwiftUI-Tutorial.app"; sourceTree = BUILT_PRODUCTS_DIR; };
		451D62CC22BDF50700DB2DDE /* AppDelegate.swift */ = {isa = PBXFileReference; lastKnownFileType = sourcecode.swift; path = AppDelegate.swift; sourceTree = "<group>"; };
		451D62CE22BDF50700DB2DDE /* SceneDelegate.swift */ = {isa = PBXFileReference; lastKnownFileType = sourcecode.swift; path = SceneDelegate.swift; sourceTree = "<group>"; };
		451D62D022BDF50700DB2DDE /* ContentView.swift */ = {isa = PBXFileReference; lastKnownFileType = sourcecode.swift; path = ContentView.swift; sourceTree = "<group>"; };
		451D62D222BDF50800DB2DDE /* Assets.xcassets */ = {isa = PBXFileReference; lastKnownFileType = folder.assetcatalog; path = Assets.xcassets; sourceTree = "<group>"; };
		451D62D522BDF50800DB2DDE /* Preview Assets.xcassets */ = {isa = PBXFileReference; lastKnownFileType = folder.assetcatalog; path = "Preview Assets.xcassets"; sourceTree = "<group>"; };
		451D62D822BDF50800DB2DDE /* Base */ = {isa = PBXFileReference; lastKnownFileType = file.storyboard; name = Base; path = Base.lproj/LaunchScreen.storyboard; sourceTree = "<group>"; };
		451D62DA22BDF50800DB2DDE /* Info.plist */ = {isa = PBXFileReference; lastKnownFileType = text.plist.xml; path = Info.plist; sourceTree = "<group>"; };
		453EAE4A24A760020028DE8A /* CircleImage.swift */ = {isa = PBXFileReference; lastKnownFileType = sourcecode.swift; path = CircleImage.swift; sourceTree = "<group>"; };
		453EAE4C24A761BA0028DE8A /* MapView.swift */ = {isa = PBXFileReference; lastKnownFileType = sourcecode.swift; path = MapView.swift; sourceTree = "<group>"; };
		453EAE4E24A7932F0028DE8A /* Landmark.swift */ = {isa = PBXFileReference; lastKnownFileType = sourcecode.swift; path = Landmark.swift; sourceTree = "<group>"; };
		453EAE5224A7943E0028DE8A /* landmarkData.json */ = {isa = PBXFileReference; fileEncoding = 4; lastKnownFileType = text.json; path = landmarkData.json; sourceTree = "<group>"; };
		453EAE5524A794E30028DE8A /* LandmarkDetail.swift */ = {isa = PBXFileReference; lastKnownFileType = sourcecode.swift; path = LandmarkDetail.swift; sourceTree = "<group>"; };
		453EAE5724A88C070028DE8A /* LandmarkRow.swift */ = {isa = PBXFileReference; lastKnownFileType = sourcecode.swift; path = LandmarkRow.swift; sourceTree = "<group>"; };
		453EAE5924A88CB10028DE8A /* Data.swift */ = {isa = PBXFileReference; lastKnownFileType = sourcecode.swift; path = Data.swift; sourceTree = "<group>"; };
/* End PBXFileReference section */

/* Begin PBXFrameworksBuildPhase section */
		451D62C622BDF50600DB2DDE /* Frameworks */ = {
			isa = PBXFrameworksBuildPhase;
			buildActionMask = 2147483647;
			files = (
			);
			runOnlyForDeploymentPostprocessing = 0;
		};
/* End PBXFrameworksBuildPhase section */

/* Begin PBXGroup section */
		451D62C022BDF50600DB2DDE = {
			isa = PBXGroup;
			children = (
				451D62CB22BDF50700DB2DDE /* SwiftUI-Tutorial */,
				451D62CA22BDF50700DB2DDE /* Products */,
			);
			sourceTree = "<group>";
		};
		451D62CA22BDF50700DB2DDE /* Products */ = {
			isa = PBXGroup;
			children = (
				451D62C922BDF50700DB2DDE /* SwiftUI-Tutorial.app */,
			);
			name = Products;
			sourceTree = "<group>";
		};
		451D62CB22BDF50700DB2DDE /* SwiftUI-Tutorial */ = {
			isa = PBXGroup;
			children = (
				453EAE5424A794500028DE8A /* Models */,
				453EAE5124A794110028DE8A /* SupportingViews */,
				453EAE5024A7940E0028DE8A /* Resource */,
				451D62CC22BDF50700DB2DDE /* AppDelegate.swift */,
				451D62CE22BDF50700DB2DDE /* SceneDelegate.swift */,
				453EAE5524A794E30028DE8A /* LandmarkDetail.swift */,
				453EAE5724A88C070028DE8A /* LandmarkRow.swift */,
				451D62D022BDF50700DB2DDE /* ContentView.swift */,
				451D62D222BDF50800DB2DDE /* Assets.xcassets */,
				451D62D722BDF50800DB2DDE /* LaunchScreen.storyboard */,
				451D62DA22BDF50800DB2DDE /* Info.plist */,
				451D62D422BDF50800DB2DDE /* Preview Content */,
			);
			path = "SwiftUI-Tutorial";
			sourceTree = "<group>";
		};
		451D62D422BDF50800DB2DDE /* Preview Content */ = {
			isa = PBXGroup;
			children = (
				451D62D522BDF50800DB2DDE /* Preview Assets.xcassets */,
			);
			path = "Preview Content";
			sourceTree = "<group>";
		};
		453EAE5024A7940E0028DE8A /* Resource */ = {
			isa = PBXGroup;
			children = (
				453EAE5224A7943E0028DE8A /* landmarkData.json */,
			);
			path = Resource;
			sourceTree = "<group>";
		};
		453EAE5124A794110028DE8A /* SupportingViews */ = {
			isa = PBXGroup;
			children = (
				453EAE4A24A760020028DE8A /* CircleImage.swift */,
				453EAE4C24A761BA0028DE8A /* MapView.swift */,
			);
			path = SupportingViews;
			sourceTree = "<group>";
		};
		453EAE5424A794500028DE8A /* Models */ = {
			isa = PBXGroup;
			children = (
				453EAE4E24A7932F0028DE8A /* Landmark.swift */,
				453EAE5924A88CB10028DE8A /* Data.swift */,
			);
			path = Models;
			sourceTree = "<group>";
		};
/* End PBXGroup section */

/* Begin PBXNativeTarget section */
		451D62C822BDF50600DB2DDE /* SwiftUI-Tutorial */ = {
			isa = PBXNativeTarget;
			buildConfigurationList = 451D62DD22BDF50800DB2DDE /* Build configuration list for PBXNativeTarget "SwiftUI-Tutorial" */;
			buildPhases = (
				451D62C522BDF50600DB2DDE /* Sources */,
				451D62C622BDF50600DB2DDE /* Frameworks */,
				451D62C722BDF50600DB2DDE /* Resources */,
			);
			buildRules = (
			);
			dependencies = (
			);
			name = "SwiftUI-Tutorial";
			productName = "SwiftUI-Tutorial";
			productReference = 451D62C922BDF50700DB2DDE /* SwiftUI-Tutorial.app */;
			productType = "com.apple.product-type.application";
		};
/* End PBXNativeTarget section */

/* Begin PBXProject section */
		451D62C122BDF50600DB2DDE /* Project object */ = {
			isa = PBXProject;
			attributes = {
				LastSwiftUpdateCheck = 1100;
				LastUpgradeCheck = 1100;
				ORGANIZATIONNAME = kawaharadai;
				TargetAttributes = {
					451D62C822BDF50600DB2DDE = {
						CreatedOnToolsVersion = 11.0;
					};
				};
			};
			buildConfigurationList = 451D62C422BDF50600DB2DDE /* Build configuration list for PBXProject "SwiftUI-Tutorial" */;
			compatibilityVersion = "Xcode 9.3";
			developmentRegion = en;
			hasScannedForEncodings = 0;
			knownRegions = (
				en,
				Base,
			);
			mainGroup = 451D62C022BDF50600DB2DDE;
			productRefGroup = 451D62CA22BDF50700DB2DDE /* Products */;
			projectDirPath = "";
			projectRoot = "";
			targets = (
				451D62C822BDF50600DB2DDE /* SwiftUI-Tutorial */,
			);
		};
/* End PBXProject section */

/* Begin PBXResourcesBuildPhase section */
		451D62C722BDF50600DB2DDE /* Resources */ = {
			isa = PBXResourcesBuildPhase;
			buildActionMask = 2147483647;
			files = (
				451D62D922BDF50800DB2DDE /* LaunchScreen.storyboard in Resources */,
				453EAE5324A7943E0028DE8A /* landmarkData.json in Resources */,
				451D62D622BDF50800DB2DDE /* Preview Assets.xcassets in Resources */,
				451D62D322BDF50800DB2DDE /* Assets.xcassets in Resources */,
			);
			runOnlyForDeploymentPostprocessing = 0;
		};
/* End PBXResourcesBuildPhase section */

/* Begin PBXSourcesBuildPhase section */
		451D62C522BDF50600DB2DDE /* Sources */ = {
			isa = PBXSourcesBuildPhase;
			buildActionMask = 2147483647;
			files = (
				451D62CD22BDF50700DB2DDE /* AppDelegate.swift in Sources */,
				453EAE4B24A760020028DE8A /* CircleImage.swift in Sources */,
				453EAE5A24A88CB10028DE8A /* Data.swift in Sources */,
				453EAE4D24A761BA0028DE8A /* MapView.swift in Sources */,
				451D62CF22BDF50700DB2DDE /* SceneDelegate.swift in Sources */,
				451D62D122BDF50700DB2DDE /* ContentView.swift in Sources */,
				453EAE4F24A793300028DE8A /* Landmark.swift in Sources */,
				453EAE5824A88C070028DE8A /* LandmarkRow.swift in Sources */,
				453EAE5624A794E30028DE8A /* LandmarkDetail.swift in Sources */,
			);
			runOnlyForDeploymentPostprocessing = 0;
		};
/* End PBXSourcesBuildPhase section */

/* Begin PBXVariantGroup section */
		451D62D722BDF50800DB2DDE /* LaunchScreen.storyboard */ = {
			isa = PBXVariantGroup;
			children = (
				451D62D822BDF50800DB2DDE /* Base */,
			);
			name = LaunchScreen.storyboard;
			sourceTree = "<group>";
		};
/* End PBXVariantGroup section */

/* Begin XCBuildConfiguration section */
		451D62DB22BDF50800DB2DDE /* Debug */ = {
			isa = XCBuildConfiguration;
			buildSettings = {
				ALWAYS_SEARCH_USER_PATHS = NO;
				CLANG_ANALYZER_NONNULL = YES;
				CLANG_ANALYZER_NUMBER_OBJECT_CONVERSION = YES_AGGRESSIVE;
				CLANG_CXX_LANGUAGE_STANDARD = "gnu++14";
				CLANG_CXX_LIBRARY = "libc++";
				CLANG_ENABLE_MODULES = YES;
				CLANG_ENABLE_OBJC_ARC = YES;
				CLANG_ENABLE_OBJC_WEAK = YES;
				CLANG_WARN_BLOCK_CAPTURE_AUTORELEASING = YES;
				CLANG_WARN_BOOL_CONVERSION = YES;
				CLANG_WARN_COMMA = YES;
				CLANG_WARN_CONSTANT_CONVERSION = YES;
				CLANG_WARN_DEPRECATED_OBJC_IMPLEMENTATIONS = YES;
				CLANG_WARN_DIRECT_OBJC_ISA_USAGE = YES_ERROR;
				CLANG_WARN_DOCUMENTATION_COMMENTS = YES;
				CLANG_WARN_EMPTY_BODY = YES;
				CLANG_WARN_ENUM_CONVERSION = YES;
				CLANG_WARN_INFINITE_RECURSION = YES;
				CLANG_WARN_INT_CONVERSION = YES;
				CLANG_WARN_NON_LITERAL_NULL_CONVERSION = YES;
				CLANG_WARN_OBJC_IMPLICIT_RETAIN_SELF = YES;
				CLANG_WARN_OBJC_LITERAL_CONVERSION = YES;
				CLANG_WARN_OBJC_ROOT_CLASS = YES_ERROR;
				CLANG_WARN_RANGE_LOOP_ANALYSIS = YES;
				CLANG_WARN_STRICT_PROTOTYPES = YES;
				CLANG_WARN_SUSPICIOUS_MOVE = YES;
				CLANG_WARN_UNGUARDED_AVAILABILITY = YES_AGGRESSIVE;
				CLANG_WARN_UNREACHABLE_CODE = YES;
				CLANG_WARN__DUPLICATE_METHOD_MATCH = YES;
				COPY_PHASE_STRIP = NO;
				DEBUG_INFORMATION_FORMAT = dwarf;
				ENABLE_STRICT_OBJC_MSGSEND = YES;
				ENABLE_TESTABILITY = YES;
				GCC_C_LANGUAGE_STANDARD = gnu11;
				GCC_DYNAMIC_NO_PIC = NO;
				GCC_NO_COMMON_BLOCKS = YES;
				GCC_OPTIMIZATION_LEVEL = 0;
				GCC_PREPROCESSOR_DEFINITIONS = (
					"DEBUG=1",
					"$(inherited)",
				);
				GCC_WARN_64_TO_32_BIT_CONVERSION = YES;
				GCC_WARN_ABOUT_RETURN_TYPE = YES_ERROR;
				GCC_WARN_UNDECLARED_SELECTOR = YES;
				GCC_WARN_UNINITIALIZED_AUTOS = YES_AGGRESSIVE;
				GCC_WARN_UNUSED_FUNCTION = YES;
				GCC_WARN_UNUSED_VARIABLE = YES;
				IPHONEOS_DEPLOYMENT_TARGET = 13.0;
				MTL_ENABLE_DEBUG_INFO = INCLUDE_SOURCE;
				MTL_FAST_MATH = YES;
				ONLY_ACTIVE_ARCH = YES;
				SDKROOT = iphoneos;
				SWIFT_ACTIVE_COMPILATION_CONDITIONS = DEBUG;
				SWIFT_OPTIMIZATION_LEVEL = "-Onone";
			};
			name = Debug;
		};
		451D62DC22BDF50800DB2DDE /* Release */ = {
			isa = XCBuildConfiguration;
			buildSettings = {
				ALWAYS_SEARCH_USER_PATHS = NO;
				CLANG_ANALYZER_NONNULL = YES;
				CLANG_ANALYZER_NUMBER_OBJECT_CONVERSION = YES_AGGRESSIVE;
				CLANG_CXX_LANGUAGE_STANDARD = "gnu++14";
				CLANG_CXX_LIBRARY = "libc++";
				CLANG_ENABLE_MODULES = YES;
				CLANG_ENABLE_OBJC_ARC = YES;
				CLANG_ENABLE_OBJC_WEAK = YES;
				CLANG_WARN_BLOCK_CAPTURE_AUTORELEASING = YES;
				CLANG_WARN_BOOL_CONVERSION = YES;
				CLANG_WARN_COMMA = YES;
				CLANG_WARN_CONSTANT_CONVERSION = YES;
				CLANG_WARN_DEPRECATED_OBJC_IMPLEMENTATIONS = YES;
				CLANG_WARN_DIRECT_OBJC_ISA_USAGE = YES_ERROR;
				CLANG_WARN_DOCUMENTATION_COMMENTS = YES;
				CLANG_WARN_EMPTY_BODY = YES;
				CLANG_WARN_ENUM_CONVERSION = YES;
				CLANG_WARN_INFINITE_RECURSION = YES;
				CLANG_WARN_INT_CONVERSION = YES;
				CLANG_WARN_NON_LITERAL_NULL_CONVERSION = YES;
				CLANG_WARN_OBJC_IMPLICIT_RETAIN_SELF = YES;
				CLANG_WARN_OBJC_LITERAL_CONVERSION = YES;
				CLANG_WARN_OBJC_ROOT_CLASS = YES_ERROR;
				CLANG_WARN_RANGE_LOOP_ANALYSIS = YES;
				CLANG_WARN_STRICT_PROTOTYPES = YES;
				CLANG_WARN_SUSPICIOUS_MOVE = YES;
				CLANG_WARN_UNGUARDED_AVAILABILITY = YES_AGGRESSIVE;
				CLANG_WARN_UNREACHABLE_CODE = YES;
				CLANG_WARN__DUPLICATE_METHOD_MATCH = YES;
				COPY_PHASE_STRIP = NO;
				DEBUG_INFORMATION_FORMAT = "dwarf-with-dsym";
				ENABLE_NS_ASSERTIONS = NO;
				ENABLE_STRICT_OBJC_MSGSEND = YES;
				GCC_C_LANGUAGE_STANDARD = gnu11;
				GCC_NO_COMMON_BLOCKS = YES;
				GCC_WARN_64_TO_32_BIT_CONVERSION = YES;
				GCC_WARN_ABOUT_RETURN_TYPE = YES_ERROR;
				GCC_WARN_UNDECLARED_SELECTOR = YES;
				GCC_WARN_UNINITIALIZED_AUTOS = YES_AGGRESSIVE;
				GCC_WARN_UNUSED_FUNCTION = YES;
				GCC_WARN_UNUSED_VARIABLE = YES;
				IPHONEOS_DEPLOYMENT_TARGET = 13.0;
				MTL_ENABLE_DEBUG_INFO = NO;
				MTL_FAST_MATH = YES;
				SDKROOT = iphoneos;
				SWIFT_COMPILATION_MODE = wholemodule;
				SWIFT_OPTIMIZATION_LEVEL = "-O";
				VALIDATE_PRODUCT = YES;
			};
			name = Release;
		};
		451D62DE22BDF50800DB2DDE /* Debug */ = {
			isa = XCBuildConfiguration;
			buildSettings = {
				ASSETCATALOG_COMPILER_APPICON_NAME = AppIcon;
				CODE_SIGN_STYLE = Automatic;
				DEVELOPMENT_ASSET_PATHS = "SwiftUI-Tutorial/Preview\\ Content";
				DEVELOPMENT_TEAM = LVR5UQEHBD;
				ENABLE_PREVIEWS = YES;
				INFOPLIST_FILE = "SwiftUI-Tutorial/Info.plist";
				LD_RUNPATH_SEARCH_PATHS = (
					"$(inherited)",
					"@executable_path/Frameworks",
				);
				PRODUCT_BUNDLE_IDENTIFIER = "com.kawahara.SwiftUI-Tutorial";
				PRODUCT_NAME = "$(TARGET_NAME)";
				SWIFT_VERSION = 5.0;
				TARGETED_DEVICE_FAMILY = "1,2";
			};
			name = Debug;
		};
		451D62DF22BDF50800DB2DDE /* Release */ = {
			isa = XCBuildConfiguration;
			buildSettings = {
				ASSETCATALOG_COMPILER_APPICON_NAME = AppIcon;
				CODE_SIGN_STYLE = Automatic;
				DEVELOPMENT_ASSET_PATHS = "SwiftUI-Tutorial/Preview\\ Content";
				DEVELOPMENT_TEAM = LVR5UQEHBD;
				ENABLE_PREVIEWS = YES;
				INFOPLIST_FILE = "SwiftUI-Tutorial/Info.plist";
				LD_RUNPATH_SEARCH_PATHS = (
					"$(inherited)",
					"@executable_path/Frameworks",
				);
				PRODUCT_BUNDLE_IDENTIFIER = "com.kawahara.SwiftUI-Tutorial";
				PRODUCT_NAME = "$(TARGET_NAME)";
				SWIFT_VERSION = 5.0;
				TARGETED_DEVICE_FAMILY = "1,2";
			};
			name = Release;
		};
/* End XCBuildConfiguration section */

/* Begin XCConfigurationList section */
		451D62C422BDF50600DB2DDE /* Build configuration list for PBXProject "SwiftUI-Tutorial" */ = {
			isa = XCConfigurationList;
			buildConfigurations = (
				451D62DB22BDF50800DB2DDE /* Debug */,
				451D62DC22BDF50800DB2DDE /* Release */,
			);
			defaultConfigurationIsVisible = 0;
			defaultConfigurationName = Release;
		};
		451D62DD22BDF50800DB2DDE /* Build configuration list for PBXNativeTarget "SwiftUI-Tutorial" */ = {
			isa = XCConfigurationList;
			buildConfigurations = (
				451D62DE22BDF50800DB2DDE /* Debug */,
				451D62DF22BDF50800DB2DDE /* Release */,
			);
			defaultConfigurationIsVisible = 0;
			defaultConfigurationName = Release;
		};
/* End XCConfigurationList section */
	};
	rootObject = 451D62C122BDF50600DB2DDE /* Project object */;
}
